
Microsoft Visual Studio Solution File, Format Version 12.00
# Visual Studio Version 16
VisualStudioVersion = 16.0.30204.135
MinimumVisualStudioVersion = 10.0.40219.1
Project("{8BC9CEB8-8B4A-11D0-8D11-00A0C91BC942}") = "TaskAdvisor", "TaskAdvisor\TaskAdvisor.vcxproj", "{9501BD1D-3DF1-4A02-9075-DF2C7E18C7CC}"
EndProject
Global
	GlobalSection(SolutionConfigurationPlatforms) = preSolution
		Debug|x64 = Debug|x64
		Debug|x86 = Debug|x86
		Release|x64 = Release|x64
		Release|x86 = Release|x86
	EndGlobalSection
	GlobalSection(ProjectConfigurationPlatforms) = postSolution
		{9501BD1D-3DF1-4A02-9075-DF2C7E18C7CC}.Debug|x64.ActiveCfg = Debug|x64
		{9501BD1D-3DF1-4A02-9075-DF2C7E18C7CC}.Debug|x64.Build.0 = Debug|x64
		{9501BD1D-3DF1-4A02-9075-DF2C7E18C7CC}.Debug|x86.ActiveCfg = Debug|Win32
		{9501BD1D-3DF1-4A02-9075-DF2C7E18C7CC}.Debug|x86.Build.0 = Debug|Win32
		{9501BD1D-3DF1-4A02-9075-DF2C7E18C7CC}.Release|x64.ActiveCfg = Release|x64
		{9501BD1D-3DF1-4A02-9075-DF2C7E18C7CC}.Release|x64.Build.0 = Release|x64
		{9501BD1D-3DF1-4A02-9075-DF2C7E18C7CC}.Release|x86.ActiveCfg = Release|Win32
		{9501BD1D-3DF1-4A02-9075-DF2C7E18C7CC}.Release|x86.Build.0 = Release|Win32
	EndGlobalSection
	GlobalSection(SolutionProperties) = preSolution
		HideSolutionNode = FALSE
	EndGlobalSection
	GlobalSection(ExtensibilityGlobals) = postSolution
		SolutionGuid = {25B51A6F-5795-46D5-BBE8-EE96CCA9E18E}
	EndGlobalSection
EndGlobal
